
Microsoft Visual Studio Solution File, Format Version 12.00
# Visual Studio Version 17
VisualStudioVersion = 17.14.36327.8
MinimumVisualStudioVersion = 10.0.40219.1
Project("{FAE04EC0-301F-11D3-BF4B-00C04F79EFBC}") = "ApiMonitor.Worker", "ApiMonitor\ApiMonitor.Worker.csproj", "{339DE67A-EA88-412B-9811-045793C9D214}"
EndProject
Project("{FAE04EC0-301F-11D3-BF4B-00C04F79EFBC}") = "ApiMonitor.Dashboard", "ApiMonitor.Dashboard\ApiMonitor.Dashboard.csproj", "{63728CDF-4265-4467-943D-7596772FA80B}"
EndProject
Global
	GlobalSection(SolutionConfigurationPlatforms) = preSolution
		Debug|Any CPU = Debug|Any CPU
		Release|Any CPU = Release|Any CPU
	EndGlobalSection
	GlobalSection(ProjectConfigurationPlatforms) = postSolution
		{339DE67A-EA88-412B-9811-045793C9D214}.Debug|Any CPU.ActiveCfg = Debug|Any CPU
		{339DE67A-EA88-412B-9811-045793C9D214}.Debug|Any CPU.Build.0 = Debug|Any CPU
		{339DE67A-EA88-412B-9811-045793C9D214}.Release|Any CPU.ActiveCfg = Release|Any CPU
		{339DE67A-EA88-412B-9811-045793C9D214}.Release|Any CPU.Build.0 = Release|Any CPU
		{63728CDF-4265-4467-943D-7596772FA80B}.Debug|Any CPU.ActiveCfg = Debug|Any CPU
		{63728CDF-4265-4467-943D-7596772FA80B}.Debug|Any CPU.Build.0 = Debug|Any CPU
		{63728CDF-4265-4467-943D-7596772FA80B}.Release|Any CPU.ActiveCfg = Release|Any CPU
		{63728CDF-4265-4467-943D-7596772FA80B}.Release|Any CPU.Build.0 = Release|Any CPU
	EndGlobalSection
	GlobalSection(SolutionProperties) = preSolution
		HideSolutionNode = FALSE
	EndGlobalSection
	GlobalSection(ExtensibilityGlobals) = postSolution
		SolutionGuid = {E63507A3-A104-48BA-B997-F27EBBA5AB64}
	EndGlobalSection
EndGlobal
